// !$*UTF8*$!
{
	archiveVersion = 1;
	classes = {
	};
	objectVersion = 77;
	objects = {

/* Begin PBXContainerItemProxy section */
		747B0D102D7088850097342A /* PBXContainerItemProxy */ = {
			isa = PBXContainerItemProxy;
			containerPortal = 747B0CF62D7088840097342A /* Project object */;
			proxyType = 1;
			remoteGlobalIDString = 747B0CFD2D7088840097342A;
			remoteInfo = testinghandpring;
		};
		747B0D1A2D7088850097342A /* PBXContainerItemProxy */ = {
			isa = PBXContainerItemProxy;
			containerPortal = 747B0CF62D7088840097342A /* Project object */;
			proxyType = 1;
			remoteGlobalIDString = 747B0CFD2D7088840097342A;
			remoteInfo = testinghandpring;
		};
/* End PBXContainerItemProxy section */

/* Begin PBXFileReference section */
		747B0CFE2D7088840097342A /* testinghandpring.app */ = {isa = PBXFileReference; explicitFileType = wrapper.application; includeInIndex = 0; path = testinghandpring.app; sourceTree = BUILT_PRODUCTS_DIR; };
		747B0D0F2D7088850097342A /* testinghandpringTests.xctest */ = {isa = PBXFileReference; explicitFileType = wrapper.cfbundle; includeInIndex = 0; path = testinghandpringTests.xctest; sourceTree = BUILT_PRODUCTS_DIR; };
		747B0D192D7088850097342A /* testinghandpringUITests.xctest */ = {isa = PBXFileReference; explicitFileType = wrapper.cfbundle; includeInIndex = 0; path = testinghandpringUITests.xctest; sourceTree = BUILT_PRODUCTS_DIR; };
/* End PBXFileReference section */

/* Begin PBXFileSystemSynchronizedRootGroup section */
		747B0D002D7088840097342A /* testinghandpring */ = {
			isa = PBXFileSystemSynchronizedRootGroup;
			path = testinghandpring;
			sourceTree = "<group>";
		};
		747B0D122D7088850097342A /* testinghandpringTests */ = {
			isa = PBXFileSystemSynchronizedRootGroup;
			path = testinghandpringTests;
			sourceTree = "<group>";
		};
		747B0D1C2D7088850097342A /* testinghandpringUITests */ = {
			isa = PBXFileSystemSynchronizedRootGroup;
			path = testinghandpringUITests;
			sourceTree = "<group>";
		};
/* End PBXFileSystemSynchronizedRootGroup section */

/* Begin PBXFrameworksBuildPhase section */
		747B0CFB2D7088840097342A /* Frameworks */ = {
			isa = PBXFrameworksBuildPhase;
			buildActionMask = 2147483647;
			files = (
			);
			runOnlyForDeploymentPostprocessing = 0;
		};
		747B0D0C2D7088850097342A /* Frameworks */ = {
			isa = PBXFrameworksBuildPhase;
			buildActionMask = 2147483647;
			files = (
			);
			runOnlyForDeploymentPostprocessing = 0;
		};
		747B0D162D7088850097342A /* Frameworks */ = {
			isa = PBXFrameworksBuildPhase;
			buildActionMask = 2147483647;
			files = (
			);
			runOnlyForDeploymentPostprocessing = 0;
		};
/* End PBXFrameworksBuildPhase section */

/* Begin PBXGroup section */
		747B0CF52D7088840097342A = {
			isa = PBXGroup;
			children = (
				747B0D002D7088840097342A /* testinghandpring */,
				747B0D122D7088850097342A /* testinghandpringTests */,
				747B0D1C2D7088850097342A /* testinghandpringUITests */,
				747B0CFF2D7088840097342A /* Products */,
			);
			sourceTree = "<group>";
		};
		747B0CFF2D7088840097342A /* Products */ = {
			isa = PBXGroup;
			children = (
				747B0CFE2D7088840097342A /* testinghandpring.app */,
				747B0D0F2D7088850097342A /* testinghandpringTests.xctest */,
				747B0D192D7088850097342A /* testinghandpringUITests.xctest */,
			);
			name = Products;
			sourceTree = "<group>";
		};
/* End PBXGroup section */

/* Begin PBXNativeTarget section */
		747B0CFD2D7088840097342A /* testinghandpring */ = {
			isa = PBXNativeTarget;
			buildConfigurationList = 747B0D232D7088850097342A /* Build configuration list for PBXNativeTarget "testinghandpring" */;
			buildPhases = (
				747B0CFA2D7088840097342A /* Sources */,
				747B0CFB2D7088840097342A /* Frameworks */,
				747B0CFC2D7088840097342A /* Resources */,
			);
			buildRules = (
			);
			dependencies = (
			);
			fileSystemSynchronizedGroups = (
				747B0D002D7088840097342A /* testinghandpring */,
			);
			name = testinghandpring;
			packageProductDependencies = (
			);
			productName = testinghandpring;
			productReference = 747B0CFE2D7088840097342A /* testinghandpring.app */;
			productType = "com.apple.product-type.application";
		};
		747B0D0E2D7088850097342A /* testinghandpringTests */ = {
			isa = PBXNativeTarget;
			buildConfigurationList = 747B0D262D7088850097342A /* Build configuration list for PBXNativeTarget "testinghandpringTests" */;
			buildPhases = (
				747B0D0B2D7088850097342A /* Sources */,
				747B0D0C2D7088850097342A /* Frameworks */,
				747B0D0D2D7088850097342A /* Resources */,
			);
			buildRules = (
			);
			dependencies = (
				747B0D112D7088850097342A /* PBXTargetDependency */,
			);
			fileSystemSynchronizedGroups = (
				747B0D122D7088850097342A /* testinghandpringTests */,
			);
			name = testinghandpringTests;
			packageProductDependencies = (
			);
			productName = testinghandpringTests;
			productReference = 747B0D0F2D7088850097342A /* testinghandpringTests.xctest */;
			productType = "com.apple.product-type.bundle.unit-test";
		};
		747B0D182D7088850097342A /* testinghandpringUITests */ = {
			isa = PBXNativeTarget;
			buildConfigurationList = 747B0D292D7088850097342A /* Build configuration list for PBXNativeTarget "testinghandpringUITests" */;
			buildPhases = (
				747B0D152D7088850097342A /* Sources */,
				747B0D162D7088850097342A /* Frameworks */,
				747B0D172D7088850097342A /* Resources */,
			);
			buildRules = (
			);
			dependencies = (
				747B0D1B2D7088850097342A /* PBXTargetDependency */,
			);
			fileSystemSynchronizedGroups = (
				747B0D1C2D7088850097342A /* testinghandpringUITests */,
			);
			name = testinghandpringUITests;
			packageProductDependencies = (
			);
			productName = testinghandpringUITests;
			productReference = 747B0D192D7088850097342A /* testinghandpringUITests.xctest */;
			productType = "com.apple.product-type.bundle.ui-testing";
		};
/* End PBXNativeTarget section */

/* Begin PBXProject section */
		747B0CF62D7088840097342A /* Project object */ = {
			isa = PBXProject;
			attributes = {
				BuildIndependentTargetsInParallel = 1;
				LastSwiftUpdateCheck = 1620;
				LastUpgradeCheck = 1620;
				TargetAttributes = {
					747B0CFD2D7088840097342A = {
						CreatedOnToolsVersion = 16.2;
					};
					747B0D0E2D7088850097342A = {
						CreatedOnToolsVersion = 16.2;
						TestTargetID = 747B0CFD2D7088840097342A;
					};
					747B0D182D7088850097342A = {
						CreatedOnToolsVersion = 16.2;
						TestTargetID = 747B0CFD2D7088840097342A;
					};
				};
			};
			buildConfigurationList = 747B0CF92D7088840097342A /* Build configuration list for PBXProject "testinghandpring" */;
			developmentRegion = en;
			hasScannedForEncodings = 0;
			knownRegions = (
				en,
				Base,
			);
			mainGroup = 747B0CF52D7088840097342A;
			minimizedProjectReferenceProxies = 1;
			preferredProjectObjectVersion = 77;
			productRefGroup = 747B0CFF2D7088840097342A /* Products */;
			projectDirPath = "";
			projectRoot = "";
			targets = (
				747B0CFD2D7088840097342A /* testinghandpring */,
				747B0D0E2D7088850097342A /* testinghandpringTests */,
				747B0D182D7088850097342A /* testinghandpringUITests */,
			);
		};
/* End PBXProject section */

/* Begin PBXResourcesBuildPhase section */
		747B0CFC2D7088840097342A /* Resources */ = {
			isa = PBXResourcesBuildPhase;
			buildActionMask = 2147483647;
			files = (
			);
			runOnlyForDeploymentPostprocessing = 0;
		};
		747B0D0D2D7088850097342A /* Resources */ = {
			isa = PBXResourcesBuildPhase;
			buildActionMask = 2147483647;
			files = (
			);
			runOnlyForDeploymentPostprocessing = 0;
		};
		747B0D172D7088850097342A /* Resources */ = {
			isa = PBXResourcesBuildPhase;
			buildActionMask = 2147483647;
			files = (
			);
			runOnlyForDeploymentPostprocessing = 0;
		};
/* End PBXResourcesBuildPhase section */

/* Begin PBXSourcesBuildPhase section */
		747B0CFA2D7088840097342A /* Sources */ = {
			isa = PBXSourcesBuildPhase;
			buildActionMask = 2147483647;
			files = (
			);
			runOnlyForDeploymentPostprocessing = 0;
		};
		747B0D0B2D7088850097342A /* Sources */ = {
			isa = PBXSourcesBuildPhase;
			buildActionMask = 2147483647;
			files = (
			);
			runOnlyForDeploymentPostprocessing = 0;
		};
		747B0D152D7088850097342A /* Sources */ = {
			isa = PBXSourcesBuildPhase;
			buildActionMask = 2147483647;
			files = (
			);
			runOnlyForDeploymentPostprocessing = 0;
		};
/* End PBXSourcesBuildPhase section */

/* Begin PBXTargetDependency section */
		747B0D112D7088850097342A /* PBXTargetDependency */ = {
			isa = PBXTargetDependency;
			target = 747B0CFD2D7088840097342A /* testinghandpring */;
			targetProxy = 747B0D102D7088850097342A /* PBXContainerItemProxy */;
		};
		747B0D1B2D7088850097342A /* PBXTargetDependency */ = {
			isa = PBXTargetDependency;
			target = 747B0CFD2D7088840097342A /* testinghandpring */;
			targetProxy = 747B0D1A2D7088850097342A /* PBXContainerItemProxy */;
		};
/* End PBXTargetDependency section */

/* Begin XCBuildConfiguration section */
		747B0D212D7088850097342A /* Debug */ = {
			isa = XCBuildConfiguration;
			buildSettings = {
				ALWAYS_SEARCH_USER_PATHS = NO;
				ASSETCATALOG_COMPILER_GENERATE_SWIFT_ASSET_SYMBOL_EXTENSIONS = YES;
				CLANG_ANALYZER_NONNULL = YES;
				CLANG_ANALYZER_NUMBER_OBJECT_CONVERSION = YES_AGGRESSIVE;
				CLANG_CXX_LANGUAGE_STANDARD = "gnu++20";
				CLANG_ENABLE_MODULES = YES;
				CLANG_ENABLE_OBJC_ARC = YES;
				CLANG_ENABLE_OBJC_WEAK = YES;
				CLANG_WARN_BLOCK_CAPTURE_AUTORELEASING = YES;
				CLANG_WARN_BOOL_CONVERSION = YES;
				CLANG_WARN_COMMA = YES;
				CLANG_WARN_CONSTANT_CONVERSION = YES;
				CLANG_WARN_DEPRECATED_OBJC_IMPLEMENTATIONS = YES;
				CLANG_WARN_DIRECT_OBJC_ISA_USAGE = YES_ERROR;
				CLANG_WARN_DOCUMENTATION_COMMENTS = YES;
				CLANG_WARN_EMPTY_BODY = YES;
				CLANG_WARN_ENUM_CONVERSION = YES;
				CLANG_WARN_INFINITE_RECURSION = YES;
				CLANG_WARN_INT_CONVERSION = YES;
				CLANG_WARN_NON_LITERAL_NULL_CONVERSION = YES;
				CLANG_WARN_OBJC_IMPLICIT_RETAIN_SELF = YES;
				CLANG_WARN_OBJC_LITERAL_CONVERSION = YES;
				CLANG_WARN_OBJC_ROOT_CLASS = YES_ERROR;
				CLANG_WARN_QUOTED_INCLUDE_IN_FRAMEWORK_HEADER = YES;
				CLANG_WARN_RANGE_LOOP_ANALYSIS = YES;
				CLANG_WARN_STRICT_PROTOTYPES = YES;
				CLANG_WARN_SUSPICIOUS_MOVE = YES;
				CLANG_WARN_UNGUARDED_AVAILABILITY = YES_AGGRESSIVE;
				CLANG_WARN_UNREACHABLE_CODE = YES;
				CLANG_WARN__DUPLICATE_METHOD_MATCH = YES;
				COPY_PHASE_STRIP = NO;
				DEBUG_INFORMATION_FORMAT = dwarf;
				ENABLE_STRICT_OBJC_MSGSEND = YES;
				ENABLE_TESTABILITY = YES;
				ENABLE_USER_SCRIPT_SANDBOXING = YES;
				GCC_C_LANGUAGE_STANDARD = gnu17;
				GCC_DYNAMIC_NO_PIC = NO;
				GCC_NO_COMMON_BLOCKS = YES;
				GCC_OPTIMIZATION_LEVEL = 0;
				GCC_PREPROCESSOR_DEFINITIONS = (
					"DEBUG=1",
					"$(inherited)",
				);
				GCC_WARN_64_TO_32_BIT_CONVERSION = YES;
				GCC_WARN_ABOUT_RETURN_TYPE = YES_ERROR;
				GCC_WARN_UNDECLARED_SELECTOR = YES;
				GCC_WARN_UNINITIALIZED_AUTOS = YES_AGGRESSIVE;
				GCC_WARN_UNUSED_FUNCTION = YES;
				GCC_WARN_UNUSED_VARIABLE = YES;
				LOCALIZATION_PREFERS_STRING_CATALOGS = YES;
				MACOSX_DEPLOYMENT_TARGET = 14.5;
				MTL_ENABLE_DEBUG_INFO = INCLUDE_SOURCE;
				MTL_FAST_MATH = YES;
				ONLY_ACTIVE_ARCH = YES;
				SDKROOT = macosx;
				SWIFT_ACTIVE_COMPILATION_CONDITIONS = "DEBUG $(inherited)";
				SWIFT_OPTIMIZATION_LEVEL = "-Onone";
			};
			name = Debug;
		};
		747B0D222D7088850097342A /* Release */ = {
			isa = XCBuildConfiguration;
			buildSettings = {
				ALWAYS_SEARCH_USER_PATHS = NO;
				ASSETCATALOG_COMPILER_GENERATE_SWIFT_ASSET_SYMBOL_EXTENSIONS = YES;
				CLANG_ANALYZER_NONNULL = YES;
				CLANG_ANALYZER_NUMBER_OBJECT_CONVERSION = YES_AGGRESSIVE;
				CLANG_CXX_LANGUAGE_STANDARD = "gnu++20";
				CLANG_ENABLE_MODULES = YES;
				CLANG_ENABLE_OBJC_ARC = YES;
				CLANG_ENABLE_OBJC_WEAK = YES;
				CLANG_WARN_BLOCK_CAPTURE_AUTORELEASING = YES;
				CLANG_WARN_BOOL_CONVERSION = YES;
				CLANG_WARN_COMMA = YES;
				CLANG_WARN_CONSTANT_CONVERSION = YES;
				CLANG_WARN_DEPRECATED_OBJC_IMPLEMENTATIONS = YES;
				CLANG_WARN_DIRECT_OBJC_ISA_USAGE = YES_ERROR;
				CLANG_WARN_DOCUMENTATION_COMMENTS = YES;
				CLANG_WARN_EMPTY_BODY = YES;
				CLANG_WARN_ENUM_CONVERSION = YES;
				CLANG_WARN_INFINITE_RECURSION = YES;
				CLANG_WARN_INT_CONVERSION = YES;
				CLANG_WARN_NON_LITERAL_NULL_CONVERSION = YES;
				CLANG_WARN_OBJC_IMPLICIT_RETAIN_SELF = YES;
				CLANG_WARN_OBJC_LITERAL_CONVERSION = YES;
				CLANG_WARN_OBJC_ROOT_CLASS = YES_ERROR;
				CLANG_WARN_QUOTED_INCLUDE_IN_FRAMEWORK_HEADER = YES;
				CLANG_WARN_RANGE_LOOP_ANALYSIS = YES;
				CLANG_WARN_STRICT_PROTOTYPES = YES;
				CLANG_WARN_SUSPICIOUS_MOVE = YES;
				CLANG_WARN_UNGUARDED_AVAILABILITY = YES_AGGRESSIVE;
				CLANG_WARN_UNREACHABLE_CODE = YES;
				CLANG_WARN__DUPLICATE_METHOD_MATCH = YES;
				COPY_PHASE_STRIP = NO;
				DEBUG_INFORMATION_FORMAT = "dwarf-with-dsym";
				ENABLE_NS_ASSERTIONS = NO;
				ENABLE_STRICT_OBJC_MSGSEND = YES;
				ENABLE_USER_SCRIPT_SANDBOXING = YES;
				GCC_C_LANGUAGE_STANDARD = gnu17;
				GCC_NO_COMMON_BLOCKS = YES;
				GCC_WARN_64_TO_32_BIT_CONVERSION = YES;
				GCC_WARN_ABOUT_RETURN_TYPE = YES_ERROR;
				GCC_WARN_UNDECLARED_SELECTOR = YES;
				GCC_WARN_UNINITIALIZED_AUTOS = YES_AGGRESSIVE;
				GCC_WARN_UNUSED_FUNCTION = YES;
				GCC_WARN_UNUSED_VARIABLE = YES;
				LOCALIZATION_PREFERS_STRING_CATALOGS = YES;
				MACOSX_DEPLOYMENT_TARGET = 14.5;
				MTL_ENABLE_DEBUG_INFO = NO;
				MTL_FAST_MATH = YES;
				SDKROOT = macosx;
				SWIFT_COMPILATION_MODE = wholemodule;
			};
			name = Release;
		};
		747B0D242D7088850097342A /* Debug */ = {
			isa = XCBuildConfiguration;
			buildSettings = {
				ASSETCATALOG_COMPILER_APPICON_NAME = AppIcon;
				ASSETCATALOG_COMPILER_GLOBAL_ACCENT_COLOR_NAME = AccentColor;
				CODE_SIGN_ENTITLEMENTS = testinghandpring/testinghandpring.entitlements;
				CODE_SIGN_STYLE = Automatic;
				COMBINE_HIDPI_IMAGES = YES;
				CURRENT_PROJECT_VERSION = 1;
				DEVELOPMENT_ASSET_PATHS = "\"testinghandpring/Preview Content\"";
				ENABLE_PREVIEWS = YES;
				GENERATE_INFOPLIST_FILE = YES;
				INFOPLIST_KEY_NSHumanReadableCopyright = "";
				LD_RUNPATH_SEARCH_PATHS = (
					"$(inherited)",
					"@executable_path/../Frameworks",
				);
				MARKETING_VERSION = 1.0;
				PRODUCT_BUNDLE_IDENTIFIER = sumin.testinghandpring;
				PRODUCT_NAME = "$(TARGET_NAME)";
				SWIFT_EMIT_LOC_STRINGS = YES;
				SWIFT_VERSION = 5.0;
			};
			name = Debug;
		};
		747B0D252D7088850097342A /* Release */ = {
			isa = XCBuildConfiguration;
			buildSettings = {
				ASSETCATALOG_COMPILER_APPICON_NAME = AppIcon;
				ASSETCATALOG_COMPILER_GLOBAL_ACCENT_COLOR_NAME = AccentColor;
				CODE_SIGN_ENTITLEMENTS = testinghandpring/testinghandpring.entitlements;
				CODE_SIGN_STYLE = Automatic;
				COMBINE_HIDPI_IMAGES = YES;
				CURRENT_PROJECT_VERSION = 1;
				DEVELOPMENT_ASSET_PATHS = "\"testinghandpring/Preview Content\"";
				ENABLE_PREVIEWS = YES;
				GENERATE_INFOPLIST_FILE = YES;
				INFOPLIST_KEY_NSHumanReadableCopyright = "";
				LD_RUNPATH_SEARCH_PATHS = (
					"$(inherited)",
					"@executable_path/../Frameworks",
				);
				MARKETING_VERSION = 1.0;
				PRODUCT_BUNDLE_IDENTIFIER = sumin.testinghandpring;
				PRODUCT_NAME = "$(TARGET_NAME)";
				SWIFT_EMIT_LOC_STRINGS = YES;
				SWIFT_VERSION = 5.0;
			};
			name = Release;
		};
		747B0D272D7088850097342A /* Debug */ = {
			isa = XCBuildConfiguration;
			buildSettings = {
				BUNDLE_LOADER = "$(TEST_HOST)";
				CODE_SIGN_STYLE = Automatic;
				CURRENT_PROJECT_VERSION = 1;
				GENERATE_INFOPLIST_FILE = YES;
				MACOSX_DEPLOYMENT_TARGET = 14.5;
				MARKETING_VERSION = 1.0;
				PRODUCT_BUNDLE_IDENTIFIER = sumin.testinghandpringTests;
				PRODUCT_NAME = "$(TARGET_NAME)";
				SWIFT_EMIT_LOC_STRINGS = NO;
				SWIFT_VERSION = 5.0;
				TEST_HOST = "$(BUILT_PRODUCTS_DIR)/testinghandpring.app/$(BUNDLE_EXECUTABLE_FOLDER_PATH)/testinghandpring";
			};
			name = Debug;
		};
		747B0D282D7088850097342A /* Release */ = {
			isa = XCBuildConfiguration;
			buildSettings = {
				BUNDLE_LOADER = "$(TEST_HOST)";
				CODE_SIGN_STYLE = Automatic;
				CURRENT_PROJECT_VERSION = 1;
				GENERATE_INFOPLIST_FILE = YES;
				MACOSX_DEPLOYMENT_TARGET = 14.5;
				MARKETING_VERSION = 1.0;
				PRODUCT_BUNDLE_IDENTIFIER = sumin.testinghandpringTests;
				PRODUCT_NAME = "$(TARGET_NAME)";
				SWIFT_EMIT_LOC_STRINGS = NO;
				SWIFT_VERSION = 5.0;
				TEST_HOST = "$(BUILT_PRODUCTS_DIR)/testinghandpring.app/$(BUNDLE_EXECUTABLE_FOLDER_PATH)/testinghandpring";
			};
			name = Release;
		};
		747B0D2A2D7088850097342A /* Debug */ = {
			isa = XCBuildConfiguration;
			buildSettings = {
				CODE_SIGN_STYLE = Automatic;
				CURRENT_PROJECT_VERSION = 1;
				GENERATE_INFOPLIST_FILE = YES;
				MARKETING_VERSION = 1.0;
				PRODUCT_BUNDLE_IDENTIFIER = sumin.testinghandpringUITests;
				PRODUCT_NAME = "$(TARGET_NAME)";
				SWIFT_EMIT_LOC_STRINGS = NO;
				SWIFT_VERSION = 5.0;
				TEST_TARGET_NAME = testinghandpring;
			};
			name = Debug;
		};
		747B0D2B2D7088850097342A /* Release */ = {
			isa = XCBuildConfiguration;
			buildSettings = {
				CODE_SIGN_STYLE = Automatic;
				CURRENT_PROJECT_VERSION = 1;
				GENERATE_INFOPLIST_FILE = YES;
				MARKETING_VERSION = 1.0;
				PRODUCT_BUNDLE_IDENTIFIER = sumin.testinghandpringUITests;
				PRODUCT_NAME = "$(TARGET_NAME)";
				SWIFT_EMIT_LOC_STRINGS = NO;
				SWIFT_VERSION = 5.0;
				TEST_TARGET_NAME = testinghandpring;
			};
			name = Release;
		};
/* End XCBuildConfiguration section */

/* Begin XCConfigurationList section */
		747B0CF92D7088840097342A /* Build configuration list for PBXProject "testinghandpring" */ = {
			isa = XCConfigurationList;
			buildConfigurations = (
				747B0D212D7088850097342A /* Debug */,
				747B0D222D7088850097342A /* Release */,
			);
			defaultConfigurationIsVisible = 0;
			defaultConfigurationName = Release;
		};
		747B0D232D7088850097342A /* Build configuration list for PBXNativeTarget "testinghandpring" */ = {
			isa = XCConfigurationList;
			buildConfigurations = (
				747B0D242D7088850097342A /* Debug */,
				747B0D252D7088850097342A /* Release */,
			);
			defaultConfigurationIsVisible = 0;
			defaultConfigurationName = Release;
		};
		747B0D262D7088850097342A /* Build configuration list for PBXNativeTarget "testinghandpringTests" */ = {
			isa = XCConfigurationList;
			buildConfigurations = (
				747B0D272D7088850097342A /* Debug */,
				747B0D282D7088850097342A /* Release */,
			);
			defaultConfigurationIsVisible = 0;
			defaultConfigurationName = Release;
		};
		747B0D292D7088850097342A /* Build configuration list for PBXNativeTarget "testinghandpringUITests" */ = {
			isa = XCConfigurationList;
			buildConfigurations = (
				747B0D2A2D7088850097342A /* Debug */,
				747B0D2B2D7088850097342A /* Release */,
			);
			defaultConfigurationIsVisible = 0;
			defaultConfigurationName = Release;
		};
/* End XCConfigurationList section */
	};
	rootObject = 747B0CF62D7088840097342A /* Project object */;
}
